
Microsoft Visual Studio Solution File, Format Version 11.00
# Visual Studio 2010
Project("{FAE04EC0-301F-11D3-BF4B-00C04F79EFBC}") = "Assembly-CSharp", "Assembly-CSharp.csproj", "{43c0e1d0-be9d-345a-72ff-2c2bf45469b5}"
EndProject
Project("{FAE04EC0-301F-11D3-BF4B-00C04F79EFBC}") = "PhotonVoice.API", "PhotonVoice.API.csproj", "{194075d7-e67b-33e0-1dd4-9ea8e8e588b2}"
EndProject
Project("{FAE04EC0-301F-11D3-BF4B-00C04F79EFBC}") = "PhotonUnityNetworking", "PhotonUnityNetworking.csproj", "{9e615a5e-2962-482b-7cb3-f5cdb3de2b2e}"
EndProject
Project("{FAE04EC0-301F-11D3-BF4B-00C04F79EFBC}") = "Unity.XR.Content.Interaction", "Unity.XR.Content.Interaction.csproj", "{c2c0b576-5de2-de37-3007-493e546c89cd}"
EndProject
Project("{FAE04EC0-301F-11D3-BF4B-00C04F79EFBC}") = "PhotonUnityNetworking.Demos", "PhotonUnityNetworking.Demos.csproj", "{4e5884ab-f200-21c4-4687-1a53c933a166}"
EndProject
Project("{FAE04EC0-301F-11D3-BF4B-00C04F79EFBC}") = "Assembly-CSharp-Editor", "Assembly-CSharp-Editor.csproj", "{a6c218e6-8be9-a8cd-5932-5926c62b86d5}"
EndProject
Project("{FAE04EC0-301F-11D3-BF4B-00C04F79EFBC}") = "Unity.XR.Interaction.Toolkit.Samples.StarterAssets", "Unity.XR.Interaction.Toolkit.Samples.StarterAssets.csproj", "{a9082c3c-6d8e-e15e-95a3-13309e03c680}"
EndProject
Project("{FAE04EC0-301F-11D3-BF4B-00C04F79EFBC}") = "PhotonVoice.PUN.Editor", "PhotonVoice.PUN.Editor.csproj", "{f4fbdd4c-710d-0b05-fa89-862c9419f5b9}"
EndProject
Project("{FAE04EC0-301F-11D3-BF4B-00C04F79EFBC}") = "PhotonRealtime", "PhotonRealtime.csproj", "{1f878814-6286-63e4-2b8c-d99590538508}"
EndProject
Project("{FAE04EC0-301F-11D3-BF4B-00C04F79EFBC}") = "PhotonVoice", "PhotonVoice.csproj", "{a652915d-94d5-ca22-20d0-56f175267d7d}"
EndProject
Project("{FAE04EC0-301F-11D3-BF4B-00C04F79EFBC}") = "PhotonUnityNetworking.Utilities", "PhotonUnityNetworking.Utilities.csproj", "{9be02b14-ecee-5756-0d3b-ec827c4f138c}"
EndProject
Project("{FAE04EC0-301F-11D3-BF4B-00C04F79EFBC}") = "Assembly-CSharp-firstpass", "Assembly-CSharp-firstpass.csproj", "{04eb03ea-e236-5873-271e-bc02c3e22ee1}"
EndProject
Project("{FAE04EC0-301F-11D3-BF4B-00C04F79EFBC}") = "PunDemos.DemoHubEditor", "PunDemos.DemoHubEditor.csproj", "{b87ffd6b-8f81-7c3a-6ff3-7394cc2ee673}"
EndProject
Project("{FAE04EC0-301F-11D3-BF4B-00C04F79EFBC}") = "Unity.XR.Content.Interaction.Analytics", "Unity.XR.Content.Interaction.Analytics.csproj", "{fd1e7ec1-b7a2-922f-2e43-6d7b6936e31a}"
EndProject
Project("{FAE04EC0-301F-11D3-BF4B-00C04F79EFBC}") = "PhotonUnityNetworking.Editor", "PhotonUnityNetworking.Editor.csproj", "{8ca9c6c7-d5f5-aaa6-1bb5-e9b2710d4f0f}"
EndProject
Project("{FAE04EC0-301F-11D3-BF4B-00C04F79EFBC}") = "MicAmplifierEditor.Editor", "MicAmplifierEditor.Editor.csproj", "{51cea311-c04e-be9e-63cc-37354e87798a}"
EndProject
Project("{FAE04EC0-301F-11D3-BF4B-00C04F79EFBC}") = "PhotonChat", "PhotonChat.csproj", "{6eab94d2-1b81-2cb5-dcb6-1a9f45a0e900}"
EndProject
Project("{FAE04EC0-301F-11D3-BF4B-00C04F79EFBC}") = "PhotonUnityNetworking.Utilities.PhotonPlayer.Editor", "PhotonUnityNetworking.Utilities.PhotonPlayer.Editor.csproj", "{8c94c78f-6ffa-9d13-db0c-48902200bc88}"
EndProject
Project("{FAE04EC0-301F-11D3-BF4B-00C04F79EFBC}") = "PhotonVoice.PUN", "PhotonVoice.PUN.csproj", "{08042373-ec2b-2ac3-04a6-a7275f78391b}"
EndProject
Project("{FAE04EC0-301F-11D3-BF4B-00C04F79EFBC}") = "Unity.XR.Interaction.Toolkit.Samples.DeviceSimulator", "Unity.XR.Interaction.Toolkit.Samples.DeviceSimulator.csproj", "{b816d3a3-476e-0f41-0f49-eef3b2fb4d77}"
EndProject
Project("{FAE04EC0-301F-11D3-BF4B-00C04F79EFBC}") = "PhotonVoice.Editor", "PhotonVoice.Editor.csproj", "{3448973e-1348-eaae-fec5-16eb62112649}"
EndProject
Project("{FAE04EC0-301F-11D3-BF4B-00C04F79EFBC}") = "PhotonVoice.Utilities.Editor", "PhotonVoice.Utilities.Editor.csproj", "{142232eb-7f78-bed0-8a72-6721b40055b4}"
EndProject
Project("{FAE04EC0-301F-11D3-BF4B-00C04F79EFBC}") = "PunDemos.DemoSlotcarEditor", "PunDemos.DemoSlotcarEditor.csproj", "{e696d5a7-83b8-6f79-3619-bacd60d20bb5}"
EndProject
Project("{FAE04EC0-301F-11D3-BF4B-00C04F79EFBC}") = "PhotonUnityNetworking.Utilities.Culling.Editor", "PhotonUnityNetworking.Utilities.Culling.Editor.csproj", "{82b725e8-c05b-3d78-33e3-0b4fa3659f85}"
EndProject
Project("{FAE04EC0-301F-11D3-BF4B-00C04F79EFBC}") = "Voice.FMOD.Editor", "Voice.FMOD.Editor.csproj", "{841f96c3-f093-92ca-fc95-b9540dccd65c}"
EndProject
Project("{FAE04EC0-301F-11D3-BF4B-00C04F79EFBC}") = "Discord.Sdk", "Discord.Sdk.csproj", "{f2526ad7-8ce7-15cd-04e3-a18ba36c9a44}"
EndProject
Project("{FAE04EC0-301F-11D3-BF4B-00C04F79EFBC}") = "Unity.XR.Interaction.Toolkit.Samples.StarterAssets.Editor", "Unity.XR.Interaction.Toolkit.Samples.StarterAssets.Editor.csproj", "{35ba04d8-3bac-6c13-bc5c-2431e72fa1f5}"
EndProject
Global
	GlobalSection(SolutionConfigurationPlatforms) = preSolution
		Debug|Any CPU = Debug|Any CPU
	EndGlobalSection
	GlobalSection(ProjectConfigurationPlatforms) = postSolution
		{43c0e1d0-be9d-345a-72ff-2c2bf45469b5}.Debug|Any CPU.ActiveCfg = Debug|Any CPU
		{43c0e1d0-be9d-345a-72ff-2c2bf45469b5}.Debug|Any CPU.Build.0 = Debug|Any CPU
		{194075d7-e67b-33e0-1dd4-9ea8e8e588b2}.Debug|Any CPU.ActiveCfg = Debug|Any CPU
		{194075d7-e67b-33e0-1dd4-9ea8e8e588b2}.Debug|Any CPU.Build.0 = Debug|Any CPU
		{9e615a5e-2962-482b-7cb3-f5cdb3de2b2e}.Debug|Any CPU.ActiveCfg = Debug|Any CPU
		{9e615a5e-2962-482b-7cb3-f5cdb3de2b2e}.Debug|Any CPU.Build.0 = Debug|Any CPU
		{c2c0b576-5de2-de37-3007-493e546c89cd}.Debug|Any CPU.ActiveCfg = Debug|Any CPU
		{c2c0b576-5de2-de37-3007-493e546c89cd}.Debug|Any CPU.Build.0 = Debug|Any CPU
		{4e5884ab-f200-21c4-4687-1a53c933a166}.Debug|Any CPU.ActiveCfg = Debug|Any CPU
		{4e5884ab-f200-21c4-4687-1a53c933a166}.Debug|Any CPU.Build.0 = Debug|Any CPU
		{a6c218e6-8be9-a8cd-5932-5926c62b86d5}.Debug|Any CPU.ActiveCfg = Debug|Any CPU
		{a6c218e6-8be9-a8cd-5932-5926c62b86d5}.Debug|Any CPU.Build.0 = Debug|Any CPU
		{a9082c3c-6d8e-e15e-95a3-13309e03c680}.Debug|Any CPU.ActiveCfg = Debug|Any CPU
		{a9082c3c-6d8e-e15e-95a3-13309e03c680}.Debug|Any CPU.Build.0 = Debug|Any CPU
		{f4fbdd4c-710d-0b05-fa89-862c9419f5b9}.Debug|Any CPU.ActiveCfg = Debug|Any CPU
		{f4fbdd4c-710d-0b05-fa89-862c9419f5b9}.Debug|Any CPU.Build.0 = Debug|Any CPU
		{1f878814-6286-63e4-2b8c-d99590538508}.Debug|Any CPU.ActiveCfg = Debug|Any CPU
		{1f878814-6286-63e4-2b8c-d99590538508}.Debug|Any CPU.Build.0 = Debug|Any CPU
		{a652915d-94d5-ca22-20d0-56f175267d7d}.Debug|Any CPU.ActiveCfg = Debug|Any CPU
		{a652915d-94d5-ca22-20d0-56f175267d7d}.Debug|Any CPU.Build.0 = Debug|Any CPU
		{9be02b14-ecee-5756-0d3b-ec827c4f138c}.Debug|Any CPU.ActiveCfg = Debug|Any CPU
		{9be02b14-ecee-5756-0d3b-ec827c4f138c}.Debug|Any CPU.Build.0 = Debug|Any CPU
		{04eb03ea-e236-5873-271e-bc02c3e22ee1}.Debug|Any CPU.ActiveCfg = Debug|Any CPU
		{04eb03ea-e236-5873-271e-bc02c3e22ee1}.Debug|Any CPU.Build.0 = Debug|Any CPU
		{b87ffd6b-8f81-7c3a-6ff3-7394cc2ee673}.Debug|Any CPU.ActiveCfg = Debug|Any CPU
		{b87ffd6b-8f81-7c3a-6ff3-7394cc2ee673}.Debug|Any CPU.Build.0 = Debug|Any CPU
		{fd1e7ec1-b7a2-922f-2e43-6d7b6936e31a}.Debug|Any CPU.ActiveCfg = Debug|Any CPU
		{fd1e7ec1-b7a2-922f-2e43-6d7b6936e31a}.Debug|Any CPU.Build.0 = Debug|Any CPU
		{8ca9c6c7-d5f5-aaa6-1bb5-e9b2710d4f0f}.Debug|Any CPU.ActiveCfg = Debug|Any CPU
		{8ca9c6c7-d5f5-aaa6-1bb5-e9b2710d4f0f}.Debug|Any CPU.Build.0 = Debug|Any CPU
		{51cea311-c04e-be9e-63cc-37354e87798a}.Debug|Any CPU.ActiveCfg = Debug|Any CPU
		{51cea311-c04e-be9e-63cc-37354e87798a}.Debug|Any CPU.Build.0 = Debug|Any CPU
		{6eab94d2-1b81-2cb5-dcb6-1a9f45a0e900}.Debug|Any CPU.ActiveCfg = Debug|Any CPU
		{6eab94d2-1b81-2cb5-dcb6-1a9f45a0e900}.Debug|Any CPU.Build.0 = Debug|Any CPU
		{8c94c78f-6ffa-9d13-db0c-48902200bc88}.Debug|Any CPU.ActiveCfg = Debug|Any CPU
		{8c94c78f-6ffa-9d13-db0c-48902200bc88}.Debug|Any CPU.Build.0 = Debug|Any CPU
		{08042373-ec2b-2ac3-04a6-a7275f78391b}.Debug|Any CPU.ActiveCfg = Debug|Any CPU
		{08042373-ec2b-2ac3-04a6-a7275f78391b}.Debug|Any CPU.Build.0 = Debug|Any CPU
		{b816d3a3-476e-0f41-0f49-eef3b2fb4d77}.Debug|Any CPU.ActiveCfg = Debug|Any CPU
		{b816d3a3-476e-0f41-0f49-eef3b2fb4d77}.Debug|Any CPU.Build.0 = Debug|Any CPU
		{3448973e-1348-eaae-fec5-16eb62112649}.Debug|Any CPU.ActiveCfg = Debug|Any CPU
		{3448973e-1348-eaae-fec5-16eb62112649}.Debug|Any CPU.Build.0 = Debug|Any CPU
		{142232eb-7f78-bed0-8a72-6721b40055b4}.Debug|Any CPU.ActiveCfg = Debug|Any CPU
		{142232eb-7f78-bed0-8a72-6721b40055b4}.Debug|Any CPU.Build.0 = Debug|Any CPU
		{e696d5a7-83b8-6f79-3619-bacd60d20bb5}.Debug|Any CPU.ActiveCfg = Debug|Any CPU
		{e696d5a7-83b8-6f79-3619-bacd60d20bb5}.Debug|Any CPU.Build.0 = Debug|Any CPU
		{82b725e8-c05b-3d78-33e3-0b4fa3659f85}.Debug|Any CPU.ActiveCfg = Debug|Any CPU
		{82b725e8-c05b-3d78-33e3-0b4fa3659f85}.Debug|Any CPU.Build.0 = Debug|Any CPU
		{841f96c3-f093-92ca-fc95-b9540dccd65c}.Debug|Any CPU.ActiveCfg = Debug|Any CPU
		{841f96c3-f093-92ca-fc95-b9540dccd65c}.Debug|Any CPU.Build.0 = Debug|Any CPU
		{f2526ad7-8ce7-15cd-04e3-a18ba36c9a44}.Debug|Any CPU.ActiveCfg = Debug|Any CPU
		{f2526ad7-8ce7-15cd-04e3-a18ba36c9a44}.Debug|Any CPU.Build.0 = Debug|Any CPU
		{35ba04d8-3bac-6c13-bc5c-2431e72fa1f5}.Debug|Any CPU.ActiveCfg = Debug|Any CPU
		{35ba04d8-3bac-6c13-bc5c-2431e72fa1f5}.Debug|Any CPU.Build.0 = Debug|Any CPU
	EndGlobalSection
	GlobalSection(SolutionProperties) = preSolution
		HideSolutionNode = FALSE
	EndGlobalSection
EndGlobal
